
Microsoft Visual Studio Solution File, Format Version 12.00
# Visual Studio Version 17
VisualStudioVersion = 17.10.35122.118
MinimumVisualStudioVersion = 10.0.40219.1
Project("{2150E333-8FDC-42A3-9474-1A3956D46DE8}") = "Core", "Core", "{1D482E5C-2511-4482-9A47-FE2DA564FEF9}"
EndProject
Project("{2150E333-8FDC-42A3-9474-1A3956D46DE8}") = "Infrastructure", "Infrastructure", "{A518C227-F8B9-4E24-9658-44B2985B6768}"
EndProject
Project("{2150E333-8FDC-42A3-9474-1A3956D46DE8}") = "Presentation", "Presentation", "{2DCC51D7-00CB-4173-8CBA-089491096A70}"
EndProject
Project("{9A19103F-16F7-4668-BE54-9A1E7A4F7556}") = "ECommerceApi.Domain", "Core\ECommerceApi.Domain\ECommerceApi.Domain.csproj", "{C6654927-B734-40B1-83A8-20E0C89CD939}"
EndProject
Project("{9A19103F-16F7-4668-BE54-9A1E7A4F7556}") = "ECommerceApi.Application", "Core\ECommerceApi.Application\ECommerceApi.Application.csproj", "{1B92913F-6A6E-4B54-B064-164D65E488E2}"
EndProject
Project("{9A19103F-16F7-4668-BE54-9A1E7A4F7556}") = "ECommerceApi.Infrastructure", "Infrastructure\ECommerceApi.Infrastructure\ECommerceApi.Infrastructure.csproj", "{E9894E3A-D758-4AE9-ACE3-267C466664A7}"
EndProject
Project("{9A19103F-16F7-4668-BE54-9A1E7A4F7556}") = "ECommerceApi.Persistence", "Infrastructure\ECommerceApi.Persistence\ECommerceApi.Persistence.csproj", "{54528772-BFE3-4A94-8A24-D3F2583A30BC}"
EndProject
Project("{9A19103F-16F7-4668-BE54-9A1E7A4F7556}") = "ECommerceApi.Api", "Presentation\ECommerceApi.Api\ECommerceApi.Api.csproj", "{71F89FEC-193A-4B3A-8523-A3F103BFD324}"
EndProject
Project("{9A19103F-16F7-4668-BE54-9A1E7A4F7556}") = "ECommerceApi.Mapper", "ECommerceApi.Mapper\ECommerceApi.Mapper.csproj", "{4D935A9F-9E84-44D0-B987-6F803013B978}"
EndProject
Global
	GlobalSection(SolutionConfigurationPlatforms) = preSolution
		Debug|Any CPU = Debug|Any CPU
		Release|Any CPU = Release|Any CPU
	EndGlobalSection
	GlobalSection(ProjectConfigurationPlatforms) = postSolution
		{C6654927-B734-40B1-83A8-20E0C89CD939}.Debug|Any CPU.ActiveCfg = Debug|Any CPU
		{C6654927-B734-40B1-83A8-20E0C89CD939}.Debug|Any CPU.Build.0 = Debug|Any CPU
		{C6654927-B734-40B1-83A8-20E0C89CD939}.Release|Any CPU.ActiveCfg = Release|Any CPU
		{C6654927-B734-40B1-83A8-20E0C89CD939}.Release|Any CPU.Build.0 = Release|Any CPU
		{1B92913F-6A6E-4B54-B064-164D65E488E2}.Debug|Any CPU.ActiveCfg = Debug|Any CPU
		{1B92913F-6A6E-4B54-B064-164D65E488E2}.Debug|Any CPU.Build.0 = Debug|Any CPU
		{1B92913F-6A6E-4B54-B064-164D65E488E2}.Release|Any CPU.ActiveCfg = Release|Any CPU
		{1B92913F-6A6E-4B54-B064-164D65E488E2}.Release|Any CPU.Build.0 = Release|Any CPU
		{E9894E3A-D758-4AE9-ACE3-267C466664A7}.Debug|Any CPU.ActiveCfg = Debug|Any CPU
		{E9894E3A-D758-4AE9-ACE3-267C466664A7}.Debug|Any CPU.Build.0 = Debug|Any CPU
		{E9894E3A-D758-4AE9-ACE3-267C466664A7}.Release|Any CPU.ActiveCfg = Release|Any CPU
		{E9894E3A-D758-4AE9-ACE3-267C466664A7}.Release|Any CPU.Build.0 = Release|Any CPU
		{54528772-BFE3-4A94-8A24-D3F2583A30BC}.Debug|Any CPU.ActiveCfg = Debug|Any CPU
		{54528772-BFE3-4A94-8A24-D3F2583A30BC}.Debug|Any CPU.Build.0 = Debug|Any CPU
		{54528772-BFE3-4A94-8A24-D3F2583A30BC}.Release|Any CPU.ActiveCfg = Release|Any CPU
		{54528772-BFE3-4A94-8A24-D3F2583A30BC}.Release|Any CPU.Build.0 = Release|Any CPU
		{71F89FEC-193A-4B3A-8523-A3F103BFD324}.Debug|Any CPU.ActiveCfg = Debug|Any CPU
		{71F89FEC-193A-4B3A-8523-A3F103BFD324}.Debug|Any CPU.Build.0 = Debug|Any CPU
		{71F89FEC-193A-4B3A-8523-A3F103BFD324}.Release|Any CPU.ActiveCfg = Release|Any CPU
		{71F89FEC-193A-4B3A-8523-A3F103BFD324}.Release|Any CPU.Build.0 = Release|Any CPU
		{4D935A9F-9E84-44D0-B987-6F803013B978}.Debug|Any CPU.ActiveCfg = Debug|Any CPU
		{4D935A9F-9E84-44D0-B987-6F803013B978}.Debug|Any CPU.Build.0 = Debug|Any CPU
		{4D935A9F-9E84-44D0-B987-6F803013B978}.Release|Any CPU.ActiveCfg = Release|Any CPU
		{4D935A9F-9E84-44D0-B987-6F803013B978}.Release|Any CPU.Build.0 = Release|Any CPU
	EndGlobalSection
	GlobalSection(SolutionProperties) = preSolution
		HideSolutionNode = FALSE
	EndGlobalSection
	GlobalSection(NestedProjects) = preSolution
		{C6654927-B734-40B1-83A8-20E0C89CD939} = {1D482E5C-2511-4482-9A47-FE2DA564FEF9}
		{1B92913F-6A6E-4B54-B064-164D65E488E2} = {1D482E5C-2511-4482-9A47-FE2DA564FEF9}
		{E9894E3A-D758-4AE9-ACE3-267C466664A7} = {A518C227-F8B9-4E24-9658-44B2985B6768}
		{54528772-BFE3-4A94-8A24-D3F2583A30BC} = {A518C227-F8B9-4E24-9658-44B2985B6768}
		{71F89FEC-193A-4B3A-8523-A3F103BFD324} = {2DCC51D7-00CB-4173-8CBA-089491096A70}
		{4D935A9F-9E84-44D0-B987-6F803013B978} = {1D482E5C-2511-4482-9A47-FE2DA564FEF9}
	EndGlobalSection
	GlobalSection(ExtensibilityGlobals) = postSolution
		SolutionGuid = {B99E3FAA-2362-4D37-90CD-C8172E14752D}
	EndGlobalSection
EndGlobal
